
Microsoft Visual Studio Solution File, Format Version 12.00
# Visual Studio 14
VisualStudioVersion = 14.0.25420.1
MinimumVisualStudioVersion = 10.0.40219.1
Project("{FAE04EC0-301F-11D3-BF4B-00C04F79EFBC}") = "GetQuote", "GetQuote\GetQuote.csproj", "{76F56D47-CA0D-49ED-ADC4-45BD4FEC9232}"
EndProject
Project("{FAE04EC0-301F-11D3-BF4B-00C04F79EFBC}") = "CreateXMLFile", "CreateXMLFile\CreateXMLFile.csproj", "{BFD0DE07-DA5B-4A72-B37B-169E46166BCF}"
EndProject
Project("{FAE04EC0-301F-11D3-BF4B-00C04F79EFBC}") = "GetQuote2", "GetQuote2\GetQuote2.csproj", "{60880183-F99E-47C4-82A6-DA6055FA96AB}"
EndProject
Project("{FAE04EC0-301F-11D3-BF4B-00C04F79EFBC}") = "DeserializeJson", "DeserializeJson\DeserializeJson.csproj", "{0E992F9A-DD1B-46D2-BACF-591B7D4FB9B1}"
EndProject
Global
	GlobalSection(SolutionConfigurationPlatforms) = preSolution
		Debug|Any CPU = Debug|Any CPU
		Release|Any CPU = Release|Any CPU
	EndGlobalSection
	GlobalSection(ProjectConfigurationPlatforms) = postSolution
		{76F56D47-CA0D-49ED-ADC4-45BD4FEC9232}.Debug|Any CPU.ActiveCfg = Debug|Any CPU
		{76F56D47-CA0D-49ED-ADC4-45BD4FEC9232}.Debug|Any CPU.Build.0 = Debug|Any CPU
		{76F56D47-CA0D-49ED-ADC4-45BD4FEC9232}.Release|Any CPU.ActiveCfg = Release|Any CPU
		{76F56D47-CA0D-49ED-ADC4-45BD4FEC9232}.Release|Any CPU.Build.0 = Release|Any CPU
		{BFD0DE07-DA5B-4A72-B37B-169E46166BCF}.Debug|Any CPU.ActiveCfg = Debug|Any CPU
		{BFD0DE07-DA5B-4A72-B37B-169E46166BCF}.Debug|Any CPU.Build.0 = Debug|Any CPU
		{BFD0DE07-DA5B-4A72-B37B-169E46166BCF}.Release|Any CPU.ActiveCfg = Release|Any CPU
		{BFD0DE07-DA5B-4A72-B37B-169E46166BCF}.Release|Any CPU.Build.0 = Release|Any CPU
		{60880183-F99E-47C4-82A6-DA6055FA96AB}.Debug|Any CPU.ActiveCfg = Debug|Any CPU
		{60880183-F99E-47C4-82A6-DA6055FA96AB}.Debug|Any CPU.Build.0 = Debug|Any CPU
		{60880183-F99E-47C4-82A6-DA6055FA96AB}.Release|Any CPU.ActiveCfg = Release|Any CPU
		{60880183-F99E-47C4-82A6-DA6055FA96AB}.Release|Any CPU.Build.0 = Release|Any CPU
		{0E992F9A-DD1B-46D2-BACF-591B7D4FB9B1}.Debug|Any CPU.ActiveCfg = Debug|Any CPU
		{0E992F9A-DD1B-46D2-BACF-591B7D4FB9B1}.Debug|Any CPU.Build.0 = Debug|Any CPU
		{0E992F9A-DD1B-46D2-BACF-591B7D4FB9B1}.Release|Any CPU.ActiveCfg = Release|Any CPU
		{0E992F9A-DD1B-46D2-BACF-591B7D4FB9B1}.Release|Any CPU.Build.0 = Release|Any CPU
	EndGlobalSection
	GlobalSection(SolutionProperties) = preSolution
		HideSolutionNode = FALSE
	EndGlobalSection
EndGlobal
